
Microsoft Visual Studio Solution File, Format Version 12.00
# Visual Studio Version 16
VisualStudioVersion = 16.0.31605.320
MinimumVisualStudioVersion = 10.0.40219.1
Project("{FAE04EC0-301F-11D3-BF4B-00C04F79EFBC}") = "SalesWebMvc", "SalesWebMvc\SalesWebMvc.csproj", "{4B127E4A-7C61-4B43-9F41-55A58C02765E}"
EndProject
Global
	GlobalSection(SolutionConfigurationPlatforms) = preSolution
		Debug|Any CPU = Debug|Any CPU
		Release|Any CPU = Release|Any CPU
	EndGlobalSection
	GlobalSection(ProjectConfigurationPlatforms) = postSolution
		{4B127E4A-7C61-4B43-9F41-55A58C02765E}.Debug|Any CPU.ActiveCfg = Debug|Any CPU
		{4B127E4A-7C61-4B43-9F41-55A58C02765E}.Debug|Any CPU.Build.0 = Debug|Any CPU
		{4B127E4A-7C61-4B43-9F41-55A58C02765E}.Release|Any CPU.ActiveCfg = Release|Any CPU
		{4B127E4A-7C61-4B43-9F41-55A58C02765E}.Release|Any CPU.Build.0 = Release|Any CPU
	EndGlobalSection
	GlobalSection(SolutionProperties) = preSolution
		HideSolutionNode = FALSE
	EndGlobalSection
	GlobalSection(ExtensibilityGlobals) = postSolution
		SolutionGuid = {AE43290E-1BD3-483C-9473-00B4481382A5}
	EndGlobalSection
EndGlobal
